// !$*UTF8*$!
{
	archiveVersion = 1;
	classes = {
	};
	objectVersion = 56;
	objects = {

/* Begin PBXBuildFile section */
		6CEB8AAC29CC77F500D8C912 /* NettbutikkApp.swift in Sources */ = {isa = PBXBuildFile; fileRef = 6CEB8AAB29CC77F500D8C912 /* NettbutikkApp.swift */; };
		6CEB8AAE29CC77F500D8C912 /* ContentView.swift in Sources */ = {isa = PBXBuildFile; fileRef = 6CEB8AAD29CC77F500D8C912 /* ContentView.swift */; };
		6CEB8AB029CC77F700D8C912 /* Assets.xcassets in Resources */ = {isa = PBXBuildFile; fileRef = 6CEB8AAF29CC77F700D8C912 /* Assets.xcassets */; };
		6CEB8AB429CC77F700D8C912 /* Preview Assets.xcassets in Resources */ = {isa = PBXBuildFile; fileRef = 6CEB8AB329CC77F700D8C912 /* Preview Assets.xcassets */; };
		6CFFB4AE29D1C638004082D2 /* Product.swift in Sources */ = {isa = PBXBuildFile; fileRef = 6CFFB4AD29D1C638004082D2 /* Product.swift */; };
		6CFFB4B029D59AD5004082D2 /* User.swift in Sources */ = {isa = PBXBuildFile; fileRef = 6CFFB4AF29D59AD5004082D2 /* User.swift */; };
		6CFFB4B229D59CF6004082D2 /* UserView.swift in Sources */ = {isa = PBXBuildFile; fileRef = 6CFFB4B129D59CF6004082D2 /* UserView.swift */; };
		6CFFB4B629D5ABAE004082D2 /* Tabview.swift in Sources */ = {isa = PBXBuildFile; fileRef = 6CFFB4B529D5ABAE004082D2 /* Tabview.swift */; };
		6CFFB4B829D6B490004082D2 /* ShoppingcartView.swift in Sources */ = {isa = PBXBuildFile; fileRef = 6CFFB4B729D6B490004082D2 /* ShoppingcartView.swift */; };
		6CFFB4BA29D6B4B3004082D2 /* Shoppingcart.swift in Sources */ = {isa = PBXBuildFile; fileRef = 6CFFB4B929D6B4B3004082D2 /* Shoppingcart.swift */; };
/* End PBXBuildFile section */

/* Begin PBXFileReference section */
		6CEB8AA829CC77F500D8C912 /* Nettbutikk.app */ = {isa = PBXFileReference; explicitFileType = wrapper.application; includeInIndex = 0; path = Nettbutikk.app; sourceTree = BUILT_PRODUCTS_DIR; };
		6CEB8AAB29CC77F500D8C912 /* NettbutikkApp.swift */ = {isa = PBXFileReference; lastKnownFileType = sourcecode.swift; path = NettbutikkApp.swift; sourceTree = "<group>"; };
		6CEB8AAD29CC77F500D8C912 /* ContentView.swift */ = {isa = PBXFileReference; lastKnownFileType = sourcecode.swift; path = ContentView.swift; sourceTree = "<group>"; };
		6CEB8AAF29CC77F700D8C912 /* Assets.xcassets */ = {isa = PBXFileReference; lastKnownFileType = folder.assetcatalog; path = Assets.xcassets; sourceTree = "<group>"; };
		6CEB8AB129CC77F700D8C912 /* Nettbutikk.entitlements */ = {isa = PBXFileReference; lastKnownFileType = text.plist.entitlements; path = Nettbutikk.entitlements; sourceTree = "<group>"; };
		6CEB8AB329CC77F700D8C912 /* Preview Assets.xcassets */ = {isa = PBXFileReference; lastKnownFileType = folder.assetcatalog; path = "Preview Assets.xcassets"; sourceTree = "<group>"; };
		6CFFB4AD29D1C638004082D2 /* Product.swift */ = {isa = PBXFileReference; lastKnownFileType = sourcecode.swift; path = Product.swift; sourceTree = "<group>"; };
		6CFFB4AF29D59AD5004082D2 /* User.swift */ = {isa = PBXFileReference; lastKnownFileType = sourcecode.swift; path = User.swift; sourceTree = "<group>"; };
		6CFFB4B129D59CF6004082D2 /* UserView.swift */ = {isa = PBXFileReference; lastKnownFileType = sourcecode.swift; path = UserView.swift; sourceTree = "<group>"; };
		6CFFB4B529D5ABAE004082D2 /* Tabview.swift */ = {isa = PBXFileReference; lastKnownFileType = sourcecode.swift; path = Tabview.swift; sourceTree = "<group>"; };
		6CFFB4B729D6B490004082D2 /* ShoppingcartView.swift */ = {isa = PBXFileReference; lastKnownFileType = sourcecode.swift; path = ShoppingcartView.swift; sourceTree = "<group>"; };
		6CFFB4B929D6B4B3004082D2 /* Shoppingcart.swift */ = {isa = PBXFileReference; lastKnownFileType = sourcecode.swift; path = Shoppingcart.swift; sourceTree = "<group>"; };
/* End PBXFileReference section */

/* Begin PBXFrameworksBuildPhase section */
		6CEB8AA529CC77F500D8C912 /* Frameworks */ = {
			isa = PBXFrameworksBuildPhase;
			buildActionMask = 2147483647;
			files = (
			);
			runOnlyForDeploymentPostprocessing = 0;
		};
/* End PBXFrameworksBuildPhase section */

/* Begin PBXGroup section */
		6CEB8A9F29CC77F500D8C912 = {
			isa = PBXGroup;
			children = (
				6CFFB4B929D6B4B3004082D2 /* Shoppingcart.swift */,
				6CFFB4B729D6B490004082D2 /* ShoppingcartView.swift */,
				6CFFB4B529D5ABAE004082D2 /* Tabview.swift */,
				6CFFB4B129D59CF6004082D2 /* UserView.swift */,
				6CFFB4AF29D59AD5004082D2 /* User.swift */,
				6CEB8AAA29CC77F500D8C912 /* Nettbutikk */,
				6CEB8AA929CC77F500D8C912 /* Products */,
			);
			sourceTree = "<group>";
		};
		6CEB8AA929CC77F500D8C912 /* Products */ = {
			isa = PBXGroup;
			children = (
				6CEB8AA829CC77F500D8C912 /* Nettbutikk.app */,
			);
			name = Products;
			sourceTree = "<group>";
		};
		6CEB8AAA29CC77F500D8C912 /* Nettbutikk */ = {
			isa = PBXGroup;
			children = (
				6CEB8AAB29CC77F500D8C912 /* NettbutikkApp.swift */,
				6CEB8AAD29CC77F500D8C912 /* ContentView.swift */,
				6CEB8AAF29CC77F700D8C912 /* Assets.xcassets */,
				6CEB8AB129CC77F700D8C912 /* Nettbutikk.entitlements */,
				6CEB8AB229CC77F700D8C912 /* Preview Content */,
				6CFFB4AD29D1C638004082D2 /* Product.swift */,
			);
			path = Nettbutikk;
			sourceTree = "<group>";
		};
		6CEB8AB229CC77F700D8C912 /* Preview Content */ = {
			isa = PBXGroup;
			children = (
				6CEB8AB329CC77F700D8C912 /* Preview Assets.xcassets */,
			);
			path = "Preview Content";
			sourceTree = "<group>";
		};
/* End PBXGroup section */

/* Begin PBXNativeTarget section */
		6CEB8AA729CC77F500D8C912 /* Nettbutikk */ = {
			isa = PBXNativeTarget;
			buildConfigurationList = 6CEB8AB729CC77F700D8C912 /* Build configuration list for PBXNativeTarget "Nettbutikk" */;
			buildPhases = (
				6CEB8AA429CC77F500D8C912 /* Sources */,
				6CEB8AA529CC77F500D8C912 /* Frameworks */,
				6CEB8AA629CC77F500D8C912 /* Resources */,
			);
			buildRules = (
			);
			dependencies = (
			);
			name = Nettbutikk;
			productName = Nettbutikk;
			productReference = 6CEB8AA829CC77F500D8C912 /* Nettbutikk.app */;
			productType = "com.apple.product-type.application";
		};
/* End PBXNativeTarget section */

/* Begin PBXProject section */
		6CEB8AA029CC77F500D8C912 /* Project object */ = {
			isa = PBXProject;
			attributes = {
				BuildIndependentTargetsInParallel = 1;
				LastSwiftUpdateCheck = 1420;
				LastUpgradeCheck = 1420;
				TargetAttributes = {
					6CEB8AA729CC77F500D8C912 = {
						CreatedOnToolsVersion = 14.2;
					};
				};
			};
			buildConfigurationList = 6CEB8AA329CC77F500D8C912 /* Build configuration list for PBXProject "Nettbutikk" */;
			compatibilityVersion = "Xcode 14.0";
			developmentRegion = en;
			hasScannedForEncodings = 0;
			knownRegions = (
				en,
				Base,
			);
			mainGroup = 6CEB8A9F29CC77F500D8C912;
			productRefGroup = 6CEB8AA929CC77F500D8C912 /* Products */;
			projectDirPath = "";
			projectRoot = "";
			targets = (
				6CEB8AA729CC77F500D8C912 /* Nettbutikk */,
			);
		};
/* End PBXProject section */

/* Begin PBXResourcesBuildPhase section */
		6CEB8AA629CC77F500D8C912 /* Resources */ = {
			isa = PBXResourcesBuildPhase;
			buildActionMask = 2147483647;
			files = (
				6CEB8AB429CC77F700D8C912 /* Preview Assets.xcassets in Resources */,
				6CEB8AB029CC77F700D8C912 /* Assets.xcassets in Resources */,
			);
			runOnlyForDeploymentPostprocessing = 0;
		};
/* End PBXResourcesBuildPhase section */

/* Begin PBXSourcesBuildPhase section */
		6CEB8AA429CC77F500D8C912 /* Sources */ = {
			isa = PBXSourcesBuildPhase;
			buildActionMask = 2147483647;
			files = (
				6CFFB4B029D59AD5004082D2 /* User.swift in Sources */,
				6CEB8AAE29CC77F500D8C912 /* ContentView.swift in Sources */,
				6CFFB4B829D6B490004082D2 /* ShoppingcartView.swift in Sources */,
				6CFFB4B229D59CF6004082D2 /* UserView.swift in Sources */,
				6CEB8AAC29CC77F500D8C912 /* NettbutikkApp.swift in Sources */,
				6CFFB4B629D5ABAE004082D2 /* Tabview.swift in Sources */,
				6CFFB4AE29D1C638004082D2 /* Product.swift in Sources */,
				6CFFB4BA29D6B4B3004082D2 /* Shoppingcart.swift in Sources */,
			);
			runOnlyForDeploymentPostprocessing = 0;
		};
/* End PBXSourcesBuildPhase section */

/* Begin XCBuildConfiguration section */
		6CEB8AB529CC77F700D8C912 /* Debug */ = {
			isa = XCBuildConfiguration;
			buildSettings = {
				ALWAYS_SEARCH_USER_PATHS = NO;
				CLANG_ANALYZER_NONNULL = YES;
				CLANG_ANALYZER_NUMBER_OBJECT_CONVERSION = YES_AGGRESSIVE;
				CLANG_CXX_LANGUAGE_STANDARD = "gnu++20";
				CLANG_ENABLE_MODULES = YES;
				CLANG_ENABLE_OBJC_ARC = YES;
				CLANG_ENABLE_OBJC_WEAK = YES;
				CLANG_WARN_BLOCK_CAPTURE_AUTORELEASING = YES;
				CLANG_WARN_BOOL_CONVERSION = YES;
				CLANG_WARN_COMMA = YES;
				CLANG_WARN_CONSTANT_CONVERSION = YES;
				CLANG_WARN_DEPRECATED_OBJC_IMPLEMENTATIONS = YES;
				CLANG_WARN_DIRECT_OBJC_ISA_USAGE = YES_ERROR;
				CLANG_WARN_DOCUMENTATION_COMMENTS = YES;
				CLANG_WARN_EMPTY_BODY = YES;
				CLANG_WARN_ENUM_CONVERSION = YES;
				CLANG_WARN_INFINITE_RECURSION = YES;
				CLANG_WARN_INT_CONVERSION = YES;
				CLANG_WARN_NON_LITERAL_NULL_CONVERSION = YES;
				CLANG_WARN_OBJC_IMPLICIT_RETAIN_SELF = YES;
				CLANG_WARN_OBJC_LITERAL_CONVERSION = YES;
				CLANG_WARN_OBJC_ROOT_CLASS = YES_ERROR;
				CLANG_WARN_QUOTED_INCLUDE_IN_FRAMEWORK_HEADER = YES;
				CLANG_WARN_RANGE_LOOP_ANALYSIS = YES;
				CLANG_WARN_STRICT_PROTOTYPES = YES;
				CLANG_WARN_SUSPICIOUS_MOVE = YES;
				CLANG_WARN_UNGUARDED_AVAILABILITY = YES_AGGRESSIVE;
				CLANG_WARN_UNREACHABLE_CODE = YES;
				CLANG_WARN__DUPLICATE_METHOD_MATCH = YES;
				COPY_PHASE_STRIP = NO;
				DEBUG_INFORMATION_FORMAT = dwarf;
				ENABLE_STRICT_OBJC_MSGSEND = YES;
				ENABLE_TESTABILITY = YES;
				GCC_C_LANGUAGE_STANDARD = gnu11;
				GCC_DYNAMIC_NO_PIC = NO;
				GCC_NO_COMMON_BLOCKS = YES;
				GCC_OPTIMIZATION_LEVEL = 0;
				GCC_PREPROCESSOR_DEFINITIONS = (
					"DEBUG=1",
					"$(inherited)",
				);
				GCC_WARN_64_TO_32_BIT_CONVERSION = YES;
				GCC_WARN_ABOUT_RETURN_TYPE = YES_ERROR;
				GCC_WARN_UNDECLARED_SELECTOR = YES;
				GCC_WARN_UNINITIALIZED_AUTOS = YES_AGGRESSIVE;
				GCC_WARN_UNUSED_FUNCTION = YES;
				GCC_WARN_UNUSED_VARIABLE = YES;
				MTL_ENABLE_DEBUG_INFO = INCLUDE_SOURCE;
				MTL_FAST_MATH = YES;
				ONLY_ACTIVE_ARCH = YES;
				SWIFT_ACTIVE_COMPILATION_CONDITIONS = DEBUG;
				SWIFT_OPTIMIZATION_LEVEL = "-Onone";
			};
			name = Debug;
		};
		6CEB8AB629CC77F700D8C912 /* Release */ = {
			isa = XCBuildConfiguration;
			buildSettings = {
				ALWAYS_SEARCH_USER_PATHS = NO;
				CLANG_ANALYZER_NONNULL = YES;
				CLANG_ANALYZER_NUMBER_OBJECT_CONVERSION = YES_AGGRESSIVE;
				CLANG_CXX_LANGUAGE_STANDARD = "gnu++20";
				CLANG_ENABLE_MODULES = YES;
				CLANG_ENABLE_OBJC_ARC = YES;
				CLANG_ENABLE_OBJC_WEAK = YES;
				CLANG_WARN_BLOCK_CAPTURE_AUTORELEASING = YES;
				CLANG_WARN_BOOL_CONVERSION = YES;
				CLANG_WARN_COMMA = YES;
				CLANG_WARN_CONSTANT_CONVERSION = YES;
				CLANG_WARN_DEPRECATED_OBJC_IMPLEMENTATIONS = YES;
				CLANG_WARN_DIRECT_OBJC_ISA_USAGE = YES_ERROR;
				CLANG_WARN_DOCUMENTATION_COMMENTS = YES;
				CLANG_WARN_EMPTY_BODY = YES;
				CLANG_WARN_ENUM_CONVERSION = YES;
				CLANG_WARN_INFINITE_RECURSION = YES;
				CLANG_WARN_INT_CONVERSION = YES;
				CLANG_WARN_NON_LITERAL_NULL_CONVERSION = YES;
				CLANG_WARN_OBJC_IMPLICIT_RETAIN_SELF = YES;
				CLANG_WARN_OBJC_LITERAL_CONVERSION = YES;
				CLANG_WARN_OBJC_ROOT_CLASS = YES_ERROR;
				CLANG_WARN_QUOTED_INCLUDE_IN_FRAMEWORK_HEADER = YES;
				CLANG_WARN_RANGE_LOOP_ANALYSIS = YES;
				CLANG_WARN_STRICT_PROTOTYPES = YES;
				CLANG_WARN_SUSPICIOUS_MOVE = YES;
				CLANG_WARN_UNGUARDED_AVAILABILITY = YES_AGGRESSIVE;
				CLANG_WARN_UNREACHABLE_CODE = YES;
				CLANG_WARN__DUPLICATE_METHOD_MATCH = YES;
				COPY_PHASE_STRIP = NO;
				DEBUG_INFORMATION_FORMAT = "dwarf-with-dsym";
				ENABLE_NS_ASSERTIONS = NO;
				ENABLE_STRICT_OBJC_MSGSEND = YES;
				GCC_C_LANGUAGE_STANDARD = gnu11;
				GCC_NO_COMMON_BLOCKS = YES;
				GCC_WARN_64_TO_32_BIT_CONVERSION = YES;
				GCC_WARN_ABOUT_RETURN_TYPE = YES_ERROR;
				GCC_WARN_UNDECLARED_SELECTOR = YES;
				GCC_WARN_UNINITIALIZED_AUTOS = YES_AGGRESSIVE;
				GCC_WARN_UNUSED_FUNCTION = YES;
				GCC_WARN_UNUSED_VARIABLE = YES;
				MTL_ENABLE_DEBUG_INFO = NO;
				MTL_FAST_MATH = YES;
				SWIFT_COMPILATION_MODE = wholemodule;
				SWIFT_OPTIMIZATION_LEVEL = "-O";
			};
			name = Release;
		};
		6CEB8AB829CC77F700D8C912 /* Debug */ = {
			isa = XCBuildConfiguration;
			buildSettings = {
				ASSETCATALOG_COMPILER_APPICON_NAME = AppIcon;
				ASSETCATALOG_COMPILER_GLOBAL_ACCENT_COLOR_NAME = AccentColor;
				CODE_SIGN_ENTITLEMENTS = Nettbutikk/Nettbutikk.entitlements;
				CODE_SIGN_STYLE = Automatic;
				CURRENT_PROJECT_VERSION = 1;
				DEVELOPMENT_ASSET_PATHS = "\"Nettbutikk/Preview Content\"";
				ENABLE_PREVIEWS = YES;
				GENERATE_INFOPLIST_FILE = YES;
				"INFOPLIST_KEY_UIApplicationSceneManifest_Generation[sdk=iphoneos*]" = YES;
				"INFOPLIST_KEY_UIApplicationSceneManifest_Generation[sdk=iphonesimulator*]" = YES;
				"INFOPLIST_KEY_UIApplicationSupportsIndirectInputEvents[sdk=iphoneos*]" = YES;
				"INFOPLIST_KEY_UIApplicationSupportsIndirectInputEvents[sdk=iphonesimulator*]" = YES;
				"INFOPLIST_KEY_UILaunchScreen_Generation[sdk=iphoneos*]" = YES;
				"INFOPLIST_KEY_UILaunchScreen_Generation[sdk=iphonesimulator*]" = YES;
				"INFOPLIST_KEY_UIStatusBarStyle[sdk=iphoneos*]" = UIStatusBarStyleDefault;
				"INFOPLIST_KEY_UIStatusBarStyle[sdk=iphonesimulator*]" = UIStatusBarStyleDefault;
				INFOPLIST_KEY_UISupportedInterfaceOrientations_iPad = "UIInterfaceOrientationPortrait UIInterfaceOrientationPortraitUpsideDown UIInterfaceOrientationLandscapeLeft UIInterfaceOrientationLandscapeRight";
				INFOPLIST_KEY_UISupportedInterfaceOrientations_iPhone = "UIInterfaceOrientationPortrait UIInterfaceOrientationLandscapeLeft UIInterfaceOrientationLandscapeRight";
				IPHONEOS_DEPLOYMENT_TARGET = 16.2;
				LD_RUNPATH_SEARCH_PATHS = "@executable_path/Frameworks";
				"LD_RUNPATH_SEARCH_PATHS[sdk=macosx*]" = "@executable_path/../Frameworks";
				MACOSX_DEPLOYMENT_TARGET = 12.6;
				MARKETING_VERSION = 1.0;
				PRODUCT_BUNDLE_IDENTIFIER = Fystikkalleen.Nettbutikk;
				PRODUCT_NAME = "$(TARGET_NAME)";
				SDKROOT = auto;
				SUPPORTED_PLATFORMS = "iphoneos iphonesimulator macosx";
				SWIFT_EMIT_LOC_STRINGS = YES;
				SWIFT_VERSION = 5.0;
				TARGETED_DEVICE_FAMILY = "1,2";
			};
			name = Debug;
		};
		6CEB8AB929CC77F700D8C912 /* Release */ = {
			isa = XCBuildConfiguration;
			buildSettings = {
				ASSETCATALOG_COMPILER_APPICON_NAME = AppIcon;
				ASSETCATALOG_COMPILER_GLOBAL_ACCENT_COLOR_NAME = AccentColor;
				CODE_SIGN_ENTITLEMENTS = Nettbutikk/Nettbutikk.entitlements;
				CODE_SIGN_STYLE = Automatic;
				CURRENT_PROJECT_VERSION = 1;
				DEVELOPMENT_ASSET_PATHS = "\"Nettbutikk/Preview Content\"";
				ENABLE_PREVIEWS = YES;
				GENERATE_INFOPLIST_FILE = YES;
				"INFOPLIST_KEY_UIApplicationSceneManifest_Generation[sdk=iphoneos*]" = YES;
				"INFOPLIST_KEY_UIApplicationSceneManifest_Generation[sdk=iphonesimulator*]" = YES;
				"INFOPLIST_KEY_UIApplicationSupportsIndirectInputEvents[sdk=iphoneos*]" = YES;
				"INFOPLIST_KEY_UIApplicationSupportsIndirectInputEvents[sdk=iphonesimulator*]" = YES;
				"INFOPLIST_KEY_UILaunchScreen_Generation[sdk=iphoneos*]" = YES;
				"INFOPLIST_KEY_UILaunchScreen_Generation[sdk=iphonesimulator*]" = YES;
				"INFOPLIST_KEY_UIStatusBarStyle[sdk=iphoneos*]" = UIStatusBarStyleDefault;
				"INFOPLIST_KEY_UIStatusBarStyle[sdk=iphonesimulator*]" = UIStatusBarStyleDefault;
				INFOPLIST_KEY_UISupportedInterfaceOrientations_iPad = "UIInterfaceOrientationPortrait UIInterfaceOrientationPortraitUpsideDown UIInterfaceOrientationLandscapeLeft UIInterfaceOrientationLandscapeRight";
				INFOPLIST_KEY_UISupportedInterfaceOrientations_iPhone = "UIInterfaceOrientationPortrait UIInterfaceOrientationLandscapeLeft UIInterfaceOrientationLandscapeRight";
				IPHONEOS_DEPLOYMENT_TARGET = 16.2;
				LD_RUNPATH_SEARCH_PATHS = "@executable_path/Frameworks";
				"LD_RUNPATH_SEARCH_PATHS[sdk=macosx*]" = "@executable_path/../Frameworks";
				MACOSX_DEPLOYMENT_TARGET = 12.6;
				MARKETING_VERSION = 1.0;
				PRODUCT_BUNDLE_IDENTIFIER = Fystikkalleen.Nettbutikk;
				PRODUCT_NAME = "$(TARGET_NAME)";
				SDKROOT = auto;
				SUPPORTED_PLATFORMS = "iphoneos iphonesimulator macosx";
				SWIFT_EMIT_LOC_STRINGS = YES;
				SWIFT_VERSION = 5.0;
				TARGETED_DEVICE_FAMILY = "1,2";
			};
			name = Release;
		};
/* End XCBuildConfiguration section */

/* Begin XCConfigurationList section */
		6CEB8AA329CC77F500D8C912 /* Build configuration list for PBXProject "Nettbutikk" */ = {
			isa = XCConfigurationList;
			buildConfigurations = (
				6CEB8AB529CC77F700D8C912 /* Debug */,
				6CEB8AB629CC77F700D8C912 /* Release */,
			);
			defaultConfigurationIsVisible = 0;
			defaultConfigurationName = Release;
		};
		6CEB8AB729CC77F700D8C912 /* Build configuration list for PBXNativeTarget "Nettbutikk" */ = {
			isa = XCConfigurationList;
			buildConfigurations = (
				6CEB8AB829CC77F700D8C912 /* Debug */,
				6CEB8AB929CC77F700D8C912 /* Release */,
			);
			defaultConfigurationIsVisible = 0;
			defaultConfigurationName = Release;
		};
/* End XCConfigurationList section */
	};
	rootObject = 6CEB8AA029CC77F500D8C912 /* Project object */;
}
